
Microsoft Visual Studio Solution File, Format Version 12.00
# Visual Studio Version 16
VisualStudioVersion = 16.0.30621.155
MinimumVisualStudioVersion = 10.0.40219.1
Project("{FAE04EC0-301F-11D3-BF4B-00C04F79EFBC}") = "WebEdgeClient", "WebEdgeClient\WebEdgeClient.csproj", "{EBBDC3E7-9493-46F6-8882-B35AED7BDA5C}"
EndProject
Project("{9A19103F-16F7-4668-BE54-9A1E7A4F7556}") = "Hyperledger.Aries", "..\..\aries-framework-dotnet\src\Hyperledger.Aries\Hyperledger.Aries.csproj", "{9BA5620C-1507-4699-ACEE-157E8E585879}"
EndProject
Project("{9A19103F-16F7-4668-BE54-9A1E7A4F7556}") = "Hyperledger.Aries.Routing", "..\..\aries-framework-dotnet\src\Hyperledger.Aries.Routing\Hyperledger.Aries.Routing.csproj", "{FB356CA5-EAAC-48FD-9E46-0BBF91102BFC}"
EndProject
Project("{9A19103F-16F7-4668-BE54-9A1E7A4F7556}") = "Hyperledger.Aries.Routing.Edge", "..\..\aries-framework-dotnet\src\Hyperledger.Aries.Routing.Edge\Hyperledger.Aries.Routing.Edge.csproj", "{4AA08260-118B-416E-B6AB-926456ABB0F4}"
EndProject
Project("{9A19103F-16F7-4668-BE54-9A1E7A4F7556}") = "Hyperledger.Aries.AspNetCore.Contracts", "..\..\aries-framework-dotnet\src\Hyperledger.Aries.AspNetCore.Contracts\Hyperledger.Aries.AspNetCore.Contracts.csproj", "{460997DC-CDCB-4441-AF70-38954B0B9769}"
EndProject
Global
	GlobalSection(SolutionConfigurationPlatforms) = preSolution
		Debug|Any CPU = Debug|Any CPU
		Release|Any CPU = Release|Any CPU
	EndGlobalSection
	GlobalSection(ProjectConfigurationPlatforms) = postSolution
		{EBBDC3E7-9493-46F6-8882-B35AED7BDA5C}.Debug|Any CPU.ActiveCfg = Debug|Any CPU
		{EBBDC3E7-9493-46F6-8882-B35AED7BDA5C}.Debug|Any CPU.Build.0 = Debug|Any CPU
		{EBBDC3E7-9493-46F6-8882-B35AED7BDA5C}.Release|Any CPU.ActiveCfg = Release|Any CPU
		{EBBDC3E7-9493-46F6-8882-B35AED7BDA5C}.Release|Any CPU.Build.0 = Release|Any CPU
		{9BA5620C-1507-4699-ACEE-157E8E585879}.Debug|Any CPU.ActiveCfg = Debug|Any CPU
		{9BA5620C-1507-4699-ACEE-157E8E585879}.Debug|Any CPU.Build.0 = Debug|Any CPU
		{9BA5620C-1507-4699-ACEE-157E8E585879}.Release|Any CPU.ActiveCfg = Release|Any CPU
		{9BA5620C-1507-4699-ACEE-157E8E585879}.Release|Any CPU.Build.0 = Release|Any CPU
		{FB356CA5-EAAC-48FD-9E46-0BBF91102BFC}.Debug|Any CPU.ActiveCfg = Debug|Any CPU
		{FB356CA5-EAAC-48FD-9E46-0BBF91102BFC}.Debug|Any CPU.Build.0 = Debug|Any CPU
		{FB356CA5-EAAC-48FD-9E46-0BBF91102BFC}.Release|Any CPU.ActiveCfg = Release|Any CPU
		{FB356CA5-EAAC-48FD-9E46-0BBF91102BFC}.Release|Any CPU.Build.0 = Release|Any CPU
		{4AA08260-118B-416E-B6AB-926456ABB0F4}.Debug|Any CPU.ActiveCfg = Debug|Any CPU
		{4AA08260-118B-416E-B6AB-926456ABB0F4}.Debug|Any CPU.Build.0 = Debug|Any CPU
		{4AA08260-118B-416E-B6AB-926456ABB0F4}.Release|Any CPU.ActiveCfg = Release|Any CPU
		{4AA08260-118B-416E-B6AB-926456ABB0F4}.Release|Any CPU.Build.0 = Release|Any CPU
		{460997DC-CDCB-4441-AF70-38954B0B9769}.Debug|Any CPU.ActiveCfg = Debug|Any CPU
		{460997DC-CDCB-4441-AF70-38954B0B9769}.Debug|Any CPU.Build.0 = Debug|Any CPU
		{460997DC-CDCB-4441-AF70-38954B0B9769}.Release|Any CPU.ActiveCfg = Release|Any CPU
		{460997DC-CDCB-4441-AF70-38954B0B9769}.Release|Any CPU.Build.0 = Release|Any CPU
	EndGlobalSection
	GlobalSection(SolutionProperties) = preSolution
		HideSolutionNode = FALSE
	EndGlobalSection
	GlobalSection(ExtensibilityGlobals) = postSolution
		SolutionGuid = {5CE40F3B-9955-4FFD-A08C-D127B492E1A8}
	EndGlobalSection
EndGlobal
